{
  "nodes": {
    "flake-parts": {
      "inputs": {
        "nixpkgs-lib": [
          "nixpkgs"
        ]
      },
      "locked": {
        "lastModified": 1769996383,
        "narHash": "sha256-AnYjnFWgS49RlqX7LrC4uA+sCCDBj0Ry/WOJ5XWAsa0=",
        "owner": "hercules-ci",
        "repo": "flake-parts",
        "rev": "57928607ea566b5db3ad13af0e57e921e6b12381",
        "type": "github"
      },
      "original": {
        "owner": "hercules-ci",
        "repo": "flake-parts",
        "type": "github"
      }
    },
    "mnw": {
      "locked": {
        "lastModified": 1769981889,
        "narHash": "sha256-ndI7AxL/6auelkLHngdUGVImBiHkG8w2N2fOTKZKn4k=",
        "owner": "Gerg-L",
        "repo": "mnw",
        "rev": "332fed8f43b77149c582f1782683d6aeee1f07cf",
        "type": "github"
      },
      "original": {
        "owner": "Gerg-L",
        "repo": "mnw",
        "type": "github"
      }
    },
    "nixpkgs": {
      "locked": {
        "lastModified": 1769789167,
        "narHash": "sha256-kKB3bqYJU5nzYeIROI82Ef9VtTbu4uA3YydSk/Bioa8=",
        "owner": "nixos",
        "repo": "nixpkgs",
        "rev": "62c8382960464ceb98ea593cb8321a2cf8f9e3e5",
        "type": "github"
      },
      "original": {
        "owner": "nixos",
        "ref": "nixos-unstable",
        "repo": "nixpkgs",
        "type": "github"
      }
    },
    "nvf": {
      "inputs": {
        "flake-compat": [],
        "flake-parts": [
          "flake-parts"
        ],
        "mnw": "mnw",
        "ndg": [],
        "nixpkgs": "nixpkgs",
        "systems": "systems"
      },
      "locked": {
        "lastModified": 1769983625,
        "narHash": "sha256-tdOA/dHP/MvAfufR6ZFmW1RVK0ABZBmUyGg8X9+6rLs=",
        "owner": "notashelf",
        "repo": "nvf",
        "rev": "7ec261937585390e5da53d689ec66a30d11e0f8c",
        "type": "github"
      },
      "original": {
        "owner": "notashelf",
        "repo": "nvf",
        "type": "github"
      }
    },
    "root": {
      "inputs": {
        "flake-parts": "flake-parts",
        "nixpkgs": [
          "nvf",
          "nixpkgs"
        ],
        "nvf": "nvf"
      }
    },
    "systems": {
      "locked": {
        "lastModified": 1681028828,
        "narHash": "sha256-Vy1rq5AaRuLzOxct8nz4T6wlgyUR7zLU309k9mBC768=",
        "owner": "nix-systems",
        "repo": "default",
        "rev": "da67096a3b9bf56a91d16901293e51ba5b49a27e",
        "type": "github"
      },
      "original": {
        "owner": "nix-systems",
        "repo": "default",
        "type": "github"
      }
    }
  },
  "root": "root",
  "version": 7
}
